// !$*UTF8*$!
{
	archiveVersion = 1;
	classes = {
	};
	objectVersion = 48;
	objects = {

/* Begin PBXBuildFile section */
		4D87C1F21FFD44D700962E2A /* AppDelegate.swift in Sources */ = {isa = PBXBuildFile; fileRef = 4D87C1F11FFD44D700962E2A /* AppDelegate.swift */; };
		4D87C1F41FFD44D700962E2A /* ViewController.swift in Sources */ = {isa = PBXBuildFile; fileRef = 4D87C1F31FFD44D700962E2A /* ViewController.swift */; };
		4D87C1F71FFD44D700962E2A /* Main.storyboard in Resources */ = {isa = PBXBuildFile; fileRef = 4D87C1F51FFD44D700962E2A /* Main.storyboard */; };
		4D87C1FA1FFD44D700962E2A /* GoogleMapApp.xcdatamodeld in Sources */ = {isa = PBXBuildFile; fileRef = 4D87C1F81FFD44D700962E2A /* GoogleMapApp.xcdatamodeld */; };
		4D87C1FC1FFD44D700962E2A /* Assets.xcassets in Resources */ = {isa = PBXBuildFile; fileRef = 4D87C1FB1FFD44D700962E2A /* Assets.xcassets */; };
		4D87C1FF1FFD44D700962E2A /* LaunchScreen.storyboard in Resources */ = {isa = PBXBuildFile; fileRef = 4D87C1FD1FFD44D700962E2A /* LaunchScreen.storyboard */; };
		4D87C20A1FFD44D700962E2A /* GoogleMapAppTests.swift in Sources */ = {isa = PBXBuildFile; fileRef = 4D87C2091FFD44D700962E2A /* GoogleMapAppTests.swift */; };
		4D87C2151FFD44D700962E2A /* GoogleMapAppUITests.swift in Sources */ = {isa = PBXBuildFile; fileRef = 4D87C2141FFD44D700962E2A /* GoogleMapAppUITests.swift */; };
/* End PBXBuildFile section */

/* Begin PBXContainerItemProxy section */
		4D87C2061FFD44D700962E2A /* PBXContainerItemProxy */ = {
			isa = PBXContainerItemProxy;
			containerPortal = 4D87C1E61FFD44D700962E2A /* Project object */;
			proxyType = 1;
			remoteGlobalIDString = 4D87C1ED1FFD44D700962E2A;
			remoteInfo = GoogleMapApp;
		};
		4D87C2111FFD44D700962E2A /* PBXContainerItemProxy */ = {
			isa = PBXContainerItemProxy;
			containerPortal = 4D87C1E61FFD44D700962E2A /* Project object */;
			proxyType = 1;
			remoteGlobalIDString = 4D87C1ED1FFD44D700962E2A;
			remoteInfo = GoogleMapApp;
		};
/* End PBXContainerItemProxy section */

/* Begin PBXFileReference section */
		4D87C1EE1FFD44D700962E2A /* GoogleMapApp.app */ = {isa = PBXFileReference; explicitFileType = wrapper.application; includeInIndex = 0; path = GoogleMapApp.app; sourceTree = BUILT_PRODUCTS_DIR; };
		4D87C1F11FFD44D700962E2A /* AppDelegate.swift */ = {isa = PBXFileReference; lastKnownFileType = sourcecode.swift; path = AppDelegate.swift; sourceTree = "<group>"; };
		4D87C1F31FFD44D700962E2A /* ViewController.swift */ = {isa = PBXFileReference; lastKnownFileType = sourcecode.swift; path = ViewController.swift; sourceTree = "<group>"; };
		4D87C1F61FFD44D700962E2A /* Base */ = {isa = PBXFileReference; lastKnownFileType = file.storyboard; name = Base; path = Base.lproj/Main.storyboard; sourceTree = "<group>"; };
		4D87C1F91FFD44D700962E2A /* GoogleMapApp.xcdatamodel */ = {isa = PBXFileReference; lastKnownFileType = wrapper.xcdatamodel; path = GoogleMapApp.xcdatamodel; sourceTree = "<group>"; };
		4D87C1FB1FFD44D700962E2A /* Assets.xcassets */ = {isa = PBXFileReference; lastKnownFileType = folder.assetcatalog; path = Assets.xcassets; sourceTree = "<group>"; };
		4D87C1FE1FFD44D700962E2A /* Base */ = {isa = PBXFileReference; lastKnownFileType = file.storyboard; name = Base; path = Base.lproj/LaunchScreen.storyboard; sourceTree = "<group>"; };
		4D87C2001FFD44D700962E2A /* Info.plist */ = {isa = PBXFileReference; lastKnownFileType = text.plist.xml; path = Info.plist; sourceTree = "<group>"; };
		4D87C2051FFD44D700962E2A /* GoogleMapAppTests.xctest */ = {isa = PBXFileReference; explicitFileType = wrapper.cfbundle; includeInIndex = 0; path = GoogleMapAppTests.xctest; sourceTree = BUILT_PRODUCTS_DIR; };
		4D87C2091FFD44D700962E2A /* GoogleMapAppTests.swift */ = {isa = PBXFileReference; lastKnownFileType = sourcecode.swift; path = GoogleMapAppTests.swift; sourceTree = "<group>"; };
		4D87C20B1FFD44D700962E2A /* Info.plist */ = {isa = PBXFileReference; lastKnownFileType = text.plist.xml; path = Info.plist; sourceTree = "<group>"; };
		4D87C2101FFD44D700962E2A /* GoogleMapAppUITests.xctest */ = {isa = PBXFileReference; explicitFileType = wrapper.cfbundle; includeInIndex = 0; path = GoogleMapAppUITests.xctest; sourceTree = BUILT_PRODUCTS_DIR; };
		4D87C2141FFD44D700962E2A /* GoogleMapAppUITests.swift */ = {isa = PBXFileReference; lastKnownFileType = sourcecode.swift; path = GoogleMapAppUITests.swift; sourceTree = "<group>"; };
		4D87C2161FFD44D700962E2A /* Info.plist */ = {isa = PBXFileReference; lastKnownFileType = text.plist.xml; path = Info.plist; sourceTree = "<group>"; };
/* End PBXFileReference section */

/* Begin PBXFrameworksBuildPhase section */
		4D87C1EB1FFD44D700962E2A /* Frameworks */ = {
			isa = PBXFrameworksBuildPhase;
			buildActionMask = 2147483647;
			files = (
			);
			runOnlyForDeploymentPostprocessing = 0;
		};
		4D87C2021FFD44D700962E2A /* Frameworks */ = {
			isa = PBXFrameworksBuildPhase;
			buildActionMask = 2147483647;
			files = (
			);
			runOnlyForDeploymentPostprocessing = 0;
		};
		4D87C20D1FFD44D700962E2A /* Frameworks */ = {
			isa = PBXFrameworksBuildPhase;
			buildActionMask = 2147483647;
			files = (
			);
			runOnlyForDeploymentPostprocessing = 0;
		};
/* End PBXFrameworksBuildPhase section */

/* Begin PBXGroup section */
		4D87C1E51FFD44D700962E2A = {
			isa = PBXGroup;
			children = (
				4D87C1F01FFD44D700962E2A /* GoogleMapApp */,
				4D87C2081FFD44D700962E2A /* GoogleMapAppTests */,
				4D87C2131FFD44D700962E2A /* GoogleMapAppUITests */,
				4D87C1EF1FFD44D700962E2A /* Products */,
			);
			sourceTree = "<group>";
		};
		4D87C1EF1FFD44D700962E2A /* Products */ = {
			isa = PBXGroup;
			children = (
				4D87C1EE1FFD44D700962E2A /* GoogleMapApp.app */,
				4D87C2051FFD44D700962E2A /* GoogleMapAppTests.xctest */,
				4D87C2101FFD44D700962E2A /* GoogleMapAppUITests.xctest */,
			);
			name = Products;
			sourceTree = "<group>";
		};
		4D87C1F01FFD44D700962E2A /* GoogleMapApp */ = {
			isa = PBXGroup;
			children = (
				4D87C1F11FFD44D700962E2A /* AppDelegate.swift */,
				4D87C1F31FFD44D700962E2A /* ViewController.swift */,
				4D87C1F51FFD44D700962E2A /* Main.storyboard */,
				4D87C1FB1FFD44D700962E2A /* Assets.xcassets */,
				4D87C1FD1FFD44D700962E2A /* LaunchScreen.storyboard */,
				4D87C2001FFD44D700962E2A /* Info.plist */,
				4D87C1F81FFD44D700962E2A /* GoogleMapApp.xcdatamodeld */,
			);
			path = GoogleMapApp;
			sourceTree = "<group>";
		};
		4D87C2081FFD44D700962E2A /* GoogleMapAppTests */ = {
			isa = PBXGroup;
			children = (
				4D87C2091FFD44D700962E2A /* GoogleMapAppTests.swift */,
				4D87C20B1FFD44D700962E2A /* Info.plist */,
			);
			path = GoogleMapAppTests;
			sourceTree = "<group>";
		};
		4D87C2131FFD44D700962E2A /* GoogleMapAppUITests */ = {
			isa = PBXGroup;
			children = (
				4D87C2141FFD44D700962E2A /* GoogleMapAppUITests.swift */,
				4D87C2161FFD44D700962E2A /* Info.plist */,
			);
			path = GoogleMapAppUITests;
			sourceTree = "<group>";
		};
/* End PBXGroup section */

/* Begin PBXNativeTarget section */
		4D87C1ED1FFD44D700962E2A /* GoogleMapApp */ = {
			isa = PBXNativeTarget;
			buildConfigurationList = 4D87C2191FFD44D700962E2A /* Build configuration list for PBXNativeTarget "GoogleMapApp" */;
			buildPhases = (
				4D87C1EA1FFD44D700962E2A /* Sources */,
				4D87C1EB1FFD44D700962E2A /* Frameworks */,
				4D87C1EC1FFD44D700962E2A /* Resources */,
			);
			buildRules = (
			);
			dependencies = (
			);
			name = GoogleMapApp;
			productName = GoogleMapApp;
			productReference = 4D87C1EE1FFD44D700962E2A /* GoogleMapApp.app */;
			productType = "com.apple.product-type.application";
		};
		4D87C2041FFD44D700962E2A /* GoogleMapAppTests */ = {
			isa = PBXNativeTarget;
			buildConfigurationList = 4D87C21C1FFD44D700962E2A /* Build configuration list for PBXNativeTarget "GoogleMapAppTests" */;
			buildPhases = (
				4D87C2011FFD44D700962E2A /* Sources */,
				4D87C2021FFD44D700962E2A /* Frameworks */,
				4D87C2031FFD44D700962E2A /* Resources */,
			);
			buildRules = (
			);
			dependencies = (
				4D87C2071FFD44D700962E2A /* PBXTargetDependency */,
			);
			name = GoogleMapAppTests;
			productName = GoogleMapAppTests;
			productReference = 4D87C2051FFD44D700962E2A /* GoogleMapAppTests.xctest */;
			productType = "com.apple.product-type.bundle.unit-test";
		};
		4D87C20F1FFD44D700962E2A /* GoogleMapAppUITests */ = {
			isa = PBXNativeTarget;
			buildConfigurationList = 4D87C21F1FFD44D700962E2A /* Build configuration list for PBXNativeTarget "GoogleMapAppUITests" */;
			buildPhases = (
				4D87C20C1FFD44D700962E2A /* Sources */,
				4D87C20D1FFD44D700962E2A /* Frameworks */,
				4D87C20E1FFD44D700962E2A /* Resources */,
			);
			buildRules = (
			);
			dependencies = (
				4D87C2121FFD44D700962E2A /* PBXTargetDependency */,
			);
			name = GoogleMapAppUITests;
			productName = GoogleMapAppUITests;
			productReference = 4D87C2101FFD44D700962E2A /* GoogleMapAppUITests.xctest */;
			productType = "com.apple.product-type.bundle.ui-testing";
		};
/* End PBXNativeTarget section */

/* Begin PBXProject section */
		4D87C1E61FFD44D700962E2A /* Project object */ = {
			isa = PBXProject;
			attributes = {
				LastSwiftUpdateCheck = 0920;
				LastUpgradeCheck = 0920;
				ORGANIZATIONNAME = "mobile consulting";
				TargetAttributes = {
					4D87C1ED1FFD44D700962E2A = {
						CreatedOnToolsVersion = 9.2;
						ProvisioningStyle = Automatic;
					};
					4D87C2041FFD44D700962E2A = {
						CreatedOnToolsVersion = 9.2;
						ProvisioningStyle = Automatic;
						TestTargetID = 4D87C1ED1FFD44D700962E2A;
					};
					4D87C20F1FFD44D700962E2A = {
						CreatedOnToolsVersion = 9.2;
						ProvisioningStyle = Automatic;
						TestTargetID = 4D87C1ED1FFD44D700962E2A;
					};
				};
			};
			buildConfigurationList = 4D87C1E91FFD44D700962E2A /* Build configuration list for PBXProject "GoogleMapApp" */;
			compatibilityVersion = "Xcode 8.0";
			developmentRegion = en;
			hasScannedForEncodings = 0;
			knownRegions = (
				en,
				Base,
			);
			mainGroup = 4D87C1E51FFD44D700962E2A;
			productRefGroup = 4D87C1EF1FFD44D700962E2A /* Products */;
			projectDirPath = "";
			projectRoot = "";
			targets = (
				4D87C1ED1FFD44D700962E2A /* GoogleMapApp */,
				4D87C2041FFD44D700962E2A /* GoogleMapAppTests */,
				4D87C20F1FFD44D700962E2A /* GoogleMapAppUITests */,
			);
		};
/* End PBXProject section */

/* Begin PBXResourcesBuildPhase section */
		4D87C1EC1FFD44D700962E2A /* Resources */ = {
			isa = PBXResourcesBuildPhase;
			buildActionMask = 2147483647;
			files = (
				4D87C1FF1FFD44D700962E2A /* LaunchScreen.storyboard in Resources */,
				4D87C1FC1FFD44D700962E2A /* Assets.xcassets in Resources */,
				4D87C1F71FFD44D700962E2A /* Main.storyboard in Resources */,
			);
			runOnlyForDeploymentPostprocessing = 0;
		};
		4D87C2031FFD44D700962E2A /* Resources */ = {
			isa = PBXResourcesBuildPhase;
			buildActionMask = 2147483647;
			files = (
			);
			runOnlyForDeploymentPostprocessing = 0;
		};
		4D87C20E1FFD44D700962E2A /* Resources */ = {
			isa = PBXResourcesBuildPhase;
			buildActionMask = 2147483647;
			files = (
			);
			runOnlyForDeploymentPostprocessing = 0;
		};
/* End PBXResourcesBuildPhase section */

/* Begin PBXSourcesBuildPhase section */
		4D87C1EA1FFD44D700962E2A /* Sources */ = {
			isa = PBXSourcesBuildPhase;
			buildActionMask = 2147483647;
			files = (
				4D87C1FA1FFD44D700962E2A /* GoogleMapApp.xcdatamodeld in Sources */,
				4D87C1F41FFD44D700962E2A /* ViewController.swift in Sources */,
				4D87C1F21FFD44D700962E2A /* AppDelegate.swift in Sources */,
			);
			runOnlyForDeploymentPostprocessing = 0;
		};
		4D87C2011FFD44D700962E2A /* Sources */ = {
			isa = PBXSourcesBuildPhase;
			buildActionMask = 2147483647;
			files = (
				4D87C20A1FFD44D700962E2A /* GoogleMapAppTests.swift in Sources */,
			);
			runOnlyForDeploymentPostprocessing = 0;
		};
		4D87C20C1FFD44D700962E2A /* Sources */ = {
			isa = PBXSourcesBuildPhase;
			buildActionMask = 2147483647;
			files = (
				4D87C2151FFD44D700962E2A /* GoogleMapAppUITests.swift in Sources */,
			);
			runOnlyForDeploymentPostprocessing = 0;
		};
/* End PBXSourcesBuildPhase section */

/* Begin PBXTargetDependency section */
		4D87C2071FFD44D700962E2A /* PBXTargetDependency */ = {
			isa = PBXTargetDependency;
			target = 4D87C1ED1FFD44D700962E2A /* GoogleMapApp */;
			targetProxy = 4D87C2061FFD44D700962E2A /* PBXContainerItemProxy */;
		};
		4D87C2121FFD44D700962E2A /* PBXTargetDependency */ = {
			isa = PBXTargetDependency;
			target = 4D87C1ED1FFD44D700962E2A /* GoogleMapApp */;
			targetProxy = 4D87C2111FFD44D700962E2A /* PBXContainerItemProxy */;
		};
/* End PBXTargetDependency section */

/* Begin PBXVariantGroup section */
		4D87C1F51FFD44D700962E2A /* Main.storyboard */ = {
			isa = PBXVariantGroup;
			children = (
				4D87C1F61FFD44D700962E2A /* Base */,
			);
			name = Main.storyboard;
			sourceTree = "<group>";
		};
		4D87C1FD1FFD44D700962E2A /* LaunchScreen.storyboard */ = {
			isa = PBXVariantGroup;
			children = (
				4D87C1FE1FFD44D700962E2A /* Base */,
			);
			name = LaunchScreen.storyboard;
			sourceTree = "<group>";
		};
/* End PBXVariantGroup section */

/* Begin XCBuildConfiguration section */
		4D87C2171FFD44D700962E2A /* Debug */ = {
			isa = XCBuildConfiguration;
			buildSettings = {
				ALWAYS_SEARCH_USER_PATHS = NO;
				CLANG_ANALYZER_NONNULL = YES;
				CLANG_ANALYZER_NUMBER_OBJECT_CONVERSION = YES_AGGRESSIVE;
				CLANG_CXX_LANGUAGE_STANDARD = "gnu++14";
				CLANG_CXX_LIBRARY = "libc++";
				CLANG_ENABLE_MODULES = YES;
				CLANG_ENABLE_OBJC_ARC = YES;
				CLANG_WARN_BLOCK_CAPTURE_AUTORELEASING = YES;
				CLANG_WARN_BOOL_CONVERSION = YES;
				CLANG_WARN_COMMA = YES;
				CLANG_WARN_CONSTANT_CONVERSION = YES;
				CLANG_WARN_DIRECT_OBJC_ISA_USAGE = YES_ERROR;
				CLANG_WARN_DOCUMENTATION_COMMENTS = YES;
				CLANG_WARN_EMPTY_BODY = YES;
				CLANG_WARN_ENUM_CONVERSION = YES;
				CLANG_WARN_INFINITE_RECURSION = YES;
				CLANG_WARN_INT_CONVERSION = YES;
				CLANG_WARN_NON_LITERAL_NULL_CONVERSION = YES;
				CLANG_WARN_OBJC_LITERAL_CONVERSION = YES;
				CLANG_WARN_OBJC_ROOT_CLASS = YES_ERROR;
				CLANG_WARN_RANGE_LOOP_ANALYSIS = YES;
				CLANG_WARN_STRICT_PROTOTYPES = YES;
				CLANG_WARN_SUSPICIOUS_MOVE = YES;
				CLANG_WARN_UNGUARDED_AVAILABILITY = YES_AGGRESSIVE;
				CLANG_WARN_UNREACHABLE_CODE = YES;
				CLANG_WARN__DUPLICATE_METHOD_MATCH = YES;
				CODE_SIGN_IDENTITY = "iPhone Developer";
				COPY_PHASE_STRIP = NO;
				DEBUG_INFORMATION_FORMAT = dwarf;
				ENABLE_STRICT_OBJC_MSGSEND = YES;
				ENABLE_TESTABILITY = YES;
				GCC_C_LANGUAGE_STANDARD = gnu11;
				GCC_DYNAMIC_NO_PIC = NO;
				GCC_NO_COMMON_BLOCKS = YES;
				GCC_OPTIMIZATION_LEVEL = 0;
				GCC_PREPROCESSOR_DEFINITIONS = (
					"DEBUG=1",
					"$(inherited)",
				);
				GCC_WARN_64_TO_32_BIT_CONVERSION = YES;
				GCC_WARN_ABOUT_RETURN_TYPE = YES_ERROR;
				GCC_WARN_UNDECLARED_SELECTOR = YES;
				GCC_WARN_UNINITIALIZED_AUTOS = YES_AGGRESSIVE;
				GCC_WARN_UNUSED_FUNCTION = YES;
				GCC_WARN_UNUSED_VARIABLE = YES;
				IPHONEOS_DEPLOYMENT_TARGET = 11.2;
				MTL_ENABLE_DEBUG_INFO = YES;
				ONLY_ACTIVE_ARCH = YES;
				SDKROOT = iphoneos;
				SWIFT_ACTIVE_COMPILATION_CONDITIONS = DEBUG;
				SWIFT_OPTIMIZATION_LEVEL = "-Onone";
			};
			name = Debug;
		};
		4D87C2181FFD44D700962E2A /* Release */ = {
			isa = XCBuildConfiguration;
			buildSettings = {
				ALWAYS_SEARCH_USER_PATHS = NO;
				CLANG_ANALYZER_NONNULL = YES;
				CLANG_ANALYZER_NUMBER_OBJECT_CONVERSION = YES_AGGRESSIVE;
				CLANG_CXX_LANGUAGE_STANDARD = "gnu++14";
				CLANG_CXX_LIBRARY = "libc++";
				CLANG_ENABLE_MODULES = YES;
				CLANG_ENABLE_OBJC_ARC = YES;
				CLANG_WARN_BLOCK_CAPTURE_AUTORELEASING = YES;
				CLANG_WARN_BOOL_CONVERSION = YES;
				CLANG_WARN_COMMA = YES;
				CLANG_WARN_CONSTANT_CONVERSION = YES;
				CLANG_WARN_DIRECT_OBJC_ISA_USAGE = YES_ERROR;
				CLANG_WARN_DOCUMENTATION_COMMENTS = YES;
				CLANG_WARN_EMPTY_BODY = YES;
				CLANG_WARN_ENUM_CONVERSION = YES;
				CLANG_WARN_INFINITE_RECURSION = YES;
				CLANG_WARN_INT_CONVERSION = YES;
				CLANG_WARN_NON_LITERAL_NULL_CONVERSION = YES;
				CLANG_WARN_OBJC_LITERAL_CONVERSION = YES;
				CLANG_WARN_OBJC_ROOT_CLASS = YES_ERROR;
				CLANG_WARN_RANGE_LOOP_ANALYSIS = YES;
				CLANG_WARN_STRICT_PROTOTYPES = YES;
				CLANG_WARN_SUSPICIOUS_MOVE = YES;
				CLANG_WARN_UNGUARDED_AVAILABILITY = YES_AGGRESSIVE;
				CLANG_WARN_UNREACHABLE_CODE = YES;
				CLANG_WARN__DUPLICATE_METHOD_MATCH = YES;
				CODE_SIGN_IDENTITY = "iPhone Developer";
				COPY_PHASE_STRIP = NO;
				DEBUG_INFORMATION_FORMAT = "dwarf-with-dsym";
				ENABLE_NS_ASSERTIONS = NO;
				ENABLE_STRICT_OBJC_MSGSEND = YES;
				GCC_C_LANGUAGE_STANDARD = gnu11;
				GCC_NO_COMMON_BLOCKS = YES;
				GCC_WARN_64_TO_32_BIT_CONVERSION = YES;
				GCC_WARN_ABOUT_RETURN_TYPE = YES_ERROR;
				GCC_WARN_UNDECLARED_SELECTOR = YES;
				GCC_WARN_UNINITIALIZED_AUTOS = YES_AGGRESSIVE;
				GCC_WARN_UNUSED_FUNCTION = YES;
				GCC_WARN_UNUSED_VARIABLE = YES;
				IPHONEOS_DEPLOYMENT_TARGET = 11.2;
				MTL_ENABLE_DEBUG_INFO = NO;
				SDKROOT = iphoneos;
				SWIFT_OPTIMIZATION_LEVEL = "-Owholemodule";
				VALIDATE_PRODUCT = YES;
			};
			name = Release;
		};
		4D87C21A1FFD44D700962E2A /* Debug */ = {
			isa = XCBuildConfiguration;
			buildSettings = {
				ASSETCATALOG_COMPILER_APPICON_NAME = AppIcon;
				CODE_SIGN_STYLE = Automatic;
				INFOPLIST_FILE = GoogleMapApp/Info.plist;
				LD_RUNPATH_SEARCH_PATHS = "$(inherited) @executable_path/Frameworks";
				PRODUCT_BUNDLE_IDENTIFIER = Thomas.GoogleMapApp;
				PRODUCT_NAME = "$(TARGET_NAME)";
				SWIFT_VERSION = 4.0;
				TARGETED_DEVICE_FAMILY = "1,2";
			};
			name = Debug;
		};
		4D87C21B1FFD44D700962E2A /* Release */ = {
			isa = XCBuildConfiguration;
			buildSettings = {
				ASSETCATALOG_COMPILER_APPICON_NAME = AppIcon;
				CODE_SIGN_STYLE = Automatic;
				INFOPLIST_FILE = GoogleMapApp/Info.plist;
				LD_RUNPATH_SEARCH_PATHS = "$(inherited) @executable_path/Frameworks";
				PRODUCT_BUNDLE_IDENTIFIER = Thomas.GoogleMapApp;
				PRODUCT_NAME = "$(TARGET_NAME)";
				SWIFT_VERSION = 4.0;
				TARGETED_DEVICE_FAMILY = "1,2";
			};
			name = Release;
		};
		4D87C21D1FFD44D700962E2A /* Debug */ = {
			isa = XCBuildConfiguration;
			buildSettings = {
				ALWAYS_EMBED_SWIFT_STANDARD_LIBRARIES = YES;
				BUNDLE_LOADER = "$(TEST_HOST)";
				CODE_SIGN_STYLE = Automatic;
				INFOPLIST_FILE = GoogleMapAppTests/Info.plist;
				LD_RUNPATH_SEARCH_PATHS = "$(inherited) @executable_path/Frameworks @loader_path/Frameworks";
				PRODUCT_BUNDLE_IDENTIFIER = Thomas.GoogleMapAppTests;
				PRODUCT_NAME = "$(TARGET_NAME)";
				SWIFT_VERSION = 4.0;
				TARGETED_DEVICE_FAMILY = "1,2";
				TEST_HOST = "$(BUILT_PRODUCTS_DIR)/GoogleMapApp.app/GoogleMapApp";
			};
			name = Debug;
		};
		4D87C21E1FFD44D700962E2A /* Release */ = {
			isa = XCBuildConfiguration;
			buildSettings = {
				ALWAYS_EMBED_SWIFT_STANDARD_LIBRARIES = YES;
				BUNDLE_LOADER = "$(TEST_HOST)";
				CODE_SIGN_STYLE = Automatic;
				INFOPLIST_FILE = GoogleMapAppTests/Info.plist;
				LD_RUNPATH_SEARCH_PATHS = "$(inherited) @executable_path/Frameworks @loader_path/Frameworks";
				PRODUCT_BUNDLE_IDENTIFIER = Thomas.GoogleMapAppTests;
				PRODUCT_NAME = "$(TARGET_NAME)";
				SWIFT_VERSION = 4.0;
				TARGETED_DEVICE_FAMILY = "1,2";
				TEST_HOST = "$(BUILT_PRODUCTS_DIR)/GoogleMapApp.app/GoogleMapApp";
			};
			name = Release;
		};
		4D87C2201FFD44D700962E2A /* Debug */ = {
			isa = XCBuildConfiguration;
			buildSettings = {
				ALWAYS_EMBED_SWIFT_STANDARD_LIBRARIES = YES;
				CODE_SIGN_STYLE = Automatic;
				INFOPLIST_FILE = GoogleMapAppUITests/Info.plist;
				LD_RUNPATH_SEARCH_PATHS = "$(inherited) @executable_path/Frameworks @loader_path/Frameworks";
				PRODUCT_BUNDLE_IDENTIFIER = Thomas.GoogleMapAppUITests;
				PRODUCT_NAME = "$(TARGET_NAME)";
				SWIFT_VERSION = 4.0;
				TARGETED_DEVICE_FAMILY = "1,2";
				TEST_TARGET_NAME = GoogleMapApp;
			};
			name = Debug;
		};
		4D87C2211FFD44D700962E2A /* Release */ = {
			isa = XCBuildConfiguration;
			buildSettings = {
				ALWAYS_EMBED_SWIFT_STANDARD_LIBRARIES = YES;
				CODE_SIGN_STYLE = Automatic;
				INFOPLIST_FILE = GoogleMapAppUITests/Info.plist;
				LD_RUNPATH_SEARCH_PATHS = "$(inherited) @executable_path/Frameworks @loader_path/Frameworks";
				PRODUCT_BUNDLE_IDENTIFIER = Thomas.GoogleMapAppUITests;
				PRODUCT_NAME = "$(TARGET_NAME)";
				SWIFT_VERSION = 4.0;
				TARGETED_DEVICE_FAMILY = "1,2";
				TEST_TARGET_NAME = GoogleMapApp;
			};
			name = Release;
		};
/* End XCBuildConfiguration section */

/* Begin XCConfigurationList section */
		4D87C1E91FFD44D700962E2A /* Build configuration list for PBXProject "GoogleMapApp" */ = {
			isa = XCConfigurationList;
			buildConfigurations = (
				4D87C2171FFD44D700962E2A /* Debug */,
				4D87C2181FFD44D700962E2A /* Release */,
			);
			defaultConfigurationIsVisible = 0;
			defaultConfigurationName = Release;
		};
		4D87C2191FFD44D700962E2A /* Build configuration list for PBXNativeTarget "GoogleMapApp" */ = {
			isa = XCConfigurationList;
			buildConfigurations = (
				4D87C21A1FFD44D700962E2A /* Debug */,
				4D87C21B1FFD44D700962E2A /* Release */,
			);
			defaultConfigurationIsVisible = 0;
			defaultConfigurationName = Release;
		};
		4D87C21C1FFD44D700962E2A /* Build configuration list for PBXNativeTarget "GoogleMapAppTests" */ = {
			isa = XCConfigurationList;
			buildConfigurations = (
				4D87C21D1FFD44D700962E2A /* Debug */,
				4D87C21E1FFD44D700962E2A /* Release */,
			);
			defaultConfigurationIsVisible = 0;
			defaultConfigurationName = Release;
		};
		4D87C21F1FFD44D700962E2A /* Build configuration list for PBXNativeTarget "GoogleMapAppUITests" */ = {
			isa = XCConfigurationList;
			buildConfigurations = (
				4D87C2201FFD44D700962E2A /* Debug */,
				4D87C2211FFD44D700962E2A /* Release */,
			);
			defaultConfigurationIsVisible = 0;
			defaultConfigurationName = Release;
		};
/* End XCConfigurationList section */

/* Begin XCVersionGroup section */
		4D87C1F81FFD44D700962E2A /* GoogleMapApp.xcdatamodeld */ = {
			isa = XCVersionGroup;
			children = (
				4D87C1F91FFD44D700962E2A /* GoogleMapApp.xcdatamodel */,
			);
			currentVersion = 4D87C1F91FFD44D700962E2A /* GoogleMapApp.xcdatamodel */;
			path = GoogleMapApp.xcdatamodeld;
			sourceTree = "<group>";
			versionGroupType = wrapper.xcdatamodel;
		};
/* End XCVersionGroup section */
	};
	rootObject = 4D87C1E61FFD44D700962E2A /* Project object */;
}
